lockfileVersion: '9.0'

settings:
  autoInstallPeers: true
  excludeLinksFromLockfile: false

importers:

  .:
    dependencies:
      inison:
        specifier: ^1.0.0-rc.2
        version: 1.0.0-rc.2
    devDependencies:
      '@types/node':
        specifier: ^20.12.11
        version: 20.12.11
      tinybench:
        specifier: ^2.6.0
        version: 2.8.0

packages:

  '@types/node@20.12.11':
    resolution: {integrity: sha512-vDg9PZ/zi+Nqp6boSOT7plNuthRugEKixDv5sFTIpkE89MmNtEArAShI4mxuX2+UrLEe9pxC1vm2cjm9YlWbJw==}

  inison@1.0.0-rc.2:
    resolution: {integrity: sha512-Av49Yx5EP6f2ezuEDDLHSlED0+c2d5oJMUn+F4arA18EsbrI6jw4Ql+esqWsh4yvqIEGDbM4myFWbvhkx0oNlQ==}

  tinybench@2.8.0:
    resolution: {integrity: sha512-1/eK7zUnIklz4JUUlL+658n58XO2hHLQfSk1Zf2LKieUjxidN16eKFEoDEfjHc3ohofSSqK3X5yO6VGb6iW8Lw==}

  undici-types@5.26.5:
    resolution: {integrity: sha512-JlCMO+ehdEIKqlFxk6IfVoAUVmgz7cU7zD/h9XZ0qzeosSHmUJVOzSQvvYSYWXkFXC+IfLKSIffhv0sVZup6pA==}

snapshots:

  '@types/node@20.12.11':
    dependencies:
      undici-types: 5.26.5

  inison@1.0.0-rc.2: {}

  tinybench@2.8.0: {}

  undici-types@5.26.5: {}
